
Microsoft Visual Studio Solution File, Format Version 12.00
# Visual Studio Version 17
VisualStudioVersion = 17.13.35825.156 d17.13
MinimumVisualStudioVersion = 10.0.40219.1
Project("{FAE04EC0-301F-11D3-BF4B-00C04F79EFBC}") = "Invariance-Covariance-Contravariance", "Invariance-Covariance-Contravariance\Invariance-Covariance-Contravariance.csproj", "{6232E60C-6A8C-454D-BF08-4EC4092FE3A3}"
EndProject
Global
	GlobalSection(SolutionConfigurationPlatforms) = preSolution
		Debug|Any CPU = Debug|Any CPU
		Release|Any CPU = Release|Any CPU
	EndGlobalSection
	GlobalSection(ProjectConfigurationPlatforms) = postSolution
		{6232E60C-6A8C-454D-BF08-4EC4092FE3A3}.Debug|Any CPU.ActiveCfg = Debug|Any CPU
		{6232E60C-6A8C-454D-BF08-4EC4092FE3A3}.Debug|Any CPU.Build.0 = Debug|Any CPU
		{6232E60C-6A8C-454D-BF08-4EC4092FE3A3}.Release|Any CPU.ActiveCfg = Release|Any CPU
		{6232E60C-6A8C-454D-BF08-4EC4092FE3A3}.Release|Any CPU.Build.0 = Release|Any CPU
	EndGlobalSection
	GlobalSection(SolutionProperties) = preSolution
		HideSolutionNode = FALSE
	EndGlobalSection
	GlobalSection(ExtensibilityGlobals) = postSolution
		SolutionGuid = {2BF88C78-FDCA-4016-B007-DC0971F4068B}
	EndGlobalSection
EndGlobal
